// !$*UTF8*$!
{
	archiveVersion = 1;
	classes = {
	};
	objectVersion = 46;
	objects = {

/* Begin PBXBuildFile section */
		0321795B1A81256A00DB195A /* MoreDetailsPicVC.m in Sources */ = {isa = PBXBuildFile; fileRef = 0321795A1A81256A00DB195A /* MoreDetailsPicVC.m */; };
		032AA2351A99738600B6D6EE /* PinchPanRotateVC.m in Sources */ = {isa = PBXBuildFile; fileRef = 032AA2341A99738600B6D6EE /* PinchPanRotateVC.m */; };
		032AA23C1A99806300B6D6EE /* RotateConcentricsVC.m in Sources */ = {isa = PBXBuildFile; fileRef = 032AA23B1A99806300B6D6EE /* RotateConcentricsVC.m */; };
		03395C8219E44E28008E4052 /* key.png in Resources */ = {isa = PBXBuildFile; fileRef = 03395C8119E44E28008E4052 /* key.png */; };
		03415AA01AB4536000DB4FCE /* abg peach icon 120.png in Resources */ = {isa = PBXBuildFile; fileRef = 03415A9F1AB4536000DB4FCE /* abg peach icon 120.png */; };
		03415AA21AB50FAB00DB4FCE /* inner trial circular pic.png in Resources */ = {isa = PBXBuildFile; fileRef = 03415AA11AB50FAB00DB4FCE /* inner trial circular pic.png */; };
		0367990B1A85B0ED008534F5 /* preop icon 120.png in Resources */ = {isa = PBXBuildFile; fileRef = 0367990A1A85B0ED008534F5 /* preop icon 120.png */; };
		037E72531A6CA14200BA3261 /* star.png in Resources */ = {isa = PBXBuildFile; fileRef = 037E72521A6CA14200BA3261 /* star.png */; };
		037E72561A6CADFB00BA3261 /* MoreAppsView.m in Sources */ = {isa = PBXBuildFile; fileRef = 037E72551A6CADFB00BA3261 /* MoreAppsView.m */; };
		037E72621A6D1C2B00BA3261 /* abg icon 120.png in Resources */ = {isa = PBXBuildFile; fileRef = 037E72571A6D1C2B00BA3261 /* abg icon 120.png */; };
		037E72631A6D1C2B00BA3261 /* bishop icon 120.png in Resources */ = {isa = PBXBuildFile; fileRef = 037E72581A6D1C2B00BA3261 /* bishop icon 120.png */; };
		037E72641A6D1C2B00BA3261 /* efm icon 120.png in Resources */ = {isa = PBXBuildFile; fileRef = 037E72591A6D1C2B00BA3261 /* efm icon 120.png */; };
		037E72651A6D1C2B00BA3261 /* gbs icon 120.png in Resources */ = {isa = PBXBuildFile; fileRef = 037E725A1A6D1C2B00BA3261 /* gbs icon 120.png */; };
		037E72661A6D1C2B00BA3261 /* lead icon 120.png in Resources */ = {isa = PBXBuildFile; fileRef = 037E725B1A6D1C2B00BA3261 /* lead icon 120.png */; };
		037E72671A6D1C2B00BA3261 /* pap icon 120.png in Resources */ = {isa = PBXBuildFile; fileRef = 037E725C1A6D1C2B00BA3261 /* pap icon 120.png */; };
		037E72681A6D1C2B00BA3261 /* pft icon 120.png in Resources */ = {isa = PBXBuildFile; fileRef = 037E725D1A6D1C2B00BA3261 /* pft icon 120.png */; };
		037E72691A6D1C2B00BA3261 /* pneumo icon 120.png in Resources */ = {isa = PBXBuildFile; fileRef = 037E725E1A6D1C2B00BA3261 /* pneumo icon 120.png */; };
		037E726A1A6D1C2B00BA3261 /* rabies icon 120.png in Resources */ = {isa = PBXBuildFile; fileRef = 037E725F1A6D1C2B00BA3261 /* rabies icon 120.png */; };
		037E726B1A6D1C2B00BA3261 /* vte icon 120.png in Resources */ = {isa = PBXBuildFile; fileRef = 037E72601A6D1C2B00BA3261 /* vte icon 120.png */; };
		037E726C1A6D1C2B00BA3261 /* warfarin icon 120.png in Resources */ = {isa = PBXBuildFile; fileRef = 037E72611A6D1C2B00BA3261 /* warfarin icon 120.png */; };
		0389A42D1AB19FF0003DCACA /* outer orange cropped.png in Resources */ = {isa = PBXBuildFile; fileRef = 0389A42C1AB19FF0003DCACA /* outer orange cropped.png */; };
		0389A42F1AB1A004003DCACA /* inner1.png in Resources */ = {isa = PBXBuildFile; fileRef = 0389A42E1AB1A004003DCACA /* inner1.png */; };
		03C22B3F1AA4091900BAD977 /* EDDCalculatorsVC.m in Sources */ = {isa = PBXBuildFile; fileRef = 03C22B3E1AA4091900BAD977 /* EDDCalculatorsVC.m */; };
		03D589081AA6175B0013B3FA /* how-to reposition.jpg in Resources */ = {isa = PBXBuildFile; fileRef = 03D589051AA6175B0013B3FA /* how-to reposition.jpg */; };
		03D589091AA6175B0013B3FA /* how-to resize.jpg in Resources */ = {isa = PBXBuildFile; fileRef = 03D589061AA6175B0013B3FA /* how-to resize.jpg */; };
		03D5890A1AA6175B0013B3FA /* how-to rotate.jpg in Resources */ = {isa = PBXBuildFile; fileRef = 03D589071AA6175B0013B3FA /* how-to rotate.jpg */; };
		03D5890D1AA6177F0013B3FA /* HowToVC.m in Sources */ = {isa = PBXBuildFile; fileRef = 03D5890C1AA6177F0013B3FA /* HowToVC.m */; };
		03FD3CE1199ADE1A00C52AD0 /* start.png in Resources */ = {isa = PBXBuildFile; fileRef = 03FD3CE0199ADE1A00C52AD0 /* start.png */; };
		03FD3CE5199B01EA00C52AD0 /* bulb.png in Resources */ = {isa = PBXBuildFile; fileRef = 03FD3CE4199B01EA00C52AD0 /* bulb.png */; };
		68123E1B19887D2500280DD6 /* Foundation.framework in Frameworks */ = {isa = PBXBuildFile; fileRef = 68123E1A19887D2500280DD6 /* Foundation.framework */; };
		68123E1D19887D2500280DD6 /* CoreGraphics.framework in Frameworks */ = {isa = PBXBuildFile; fileRef = 68123E1C19887D2500280DD6 /* CoreGraphics.framework */; };
		68123E1F19887D2500280DD6 /* UIKit.framework in Frameworks */ = {isa = PBXBuildFile; fileRef = 68123E1E19887D2500280DD6 /* UIKit.framework */; };
		68123E2519887D2500280DD6 /* InfoPlist.strings in Resources */ = {isa = PBXBuildFile; fileRef = 68123E2319887D2500280DD6 /* InfoPlist.strings */; };
		68123E2719887D2500280DD6 /* main.m in Sources */ = {isa = PBXBuildFile; fileRef = 68123E2619887D2500280DD6 /* main.m */; };
		68123E2B19887D2500280DD6 /* AppDelegate.m in Sources */ = {isa = PBXBuildFile; fileRef = 68123E2A19887D2500280DD6 /* AppDelegate.m */; };
		68123E2E19887D2500280DD6 /* Main.storyboard in Resources */ = {isa = PBXBuildFile; fileRef = 68123E2C19887D2500280DD6 /* Main.storyboard */; };
		68123E3119887D2500280DD6 /* ViewController.m in Sources */ = {isa = PBXBuildFile; fileRef = 68123E3019887D2500280DD6 /* ViewController.m */; };
		68123E3319887D2500280DD6 /* Images.xcassets in Resources */ = {isa = PBXBuildFile; fileRef = 68123E3219887D2500280DD6 /* Images.xcassets */; };
		68123E3A19887D2500280DD6 /* XCTest.framework in Frameworks */ = {isa = PBXBuildFile; fileRef = 68123E3919887D2500280DD6 /* XCTest.framework */; };
		68123E3B19887D2500280DD6 /* Foundation.framework in Frameworks */ = {isa = PBXBuildFile; fileRef = 68123E1A19887D2500280DD6 /* Foundation.framework */; };
		68123E3C19887D2500280DD6 /* UIKit.framework in Frameworks */ = {isa = PBXBuildFile; fileRef = 68123E1E19887D2500280DD6 /* UIKit.framework */; };
		68123E4419887D2500280DD6 /* InfoPlist.strings in Resources */ = {isa = PBXBuildFile; fileRef = 68123E4219887D2500280DD6 /* InfoPlist.strings */; };
		68123E4619887D2500280DD6 /* PreOpEval2Tests.m in Sources */ = {isa = PBXBuildFile; fileRef = 68123E4519887D2500280DD6 /* PreOpEval2Tests.m */; };
		6822B8F51990735B0041F5B1 /* house.png in Resources */ = {isa = PBXBuildFile; fileRef = 6822B8F41990735B0041F5B1 /* house.png */; };
		6822B8F71990739D0041F5B1 /* file.png in Resources */ = {isa = PBXBuildFile; fileRef = 6822B8F61990739D0041F5B1 /* file.png */; };
		6822B8F9199073B30041F5B1 /* email.png in Resources */ = {isa = PBXBuildFile; fileRef = 6822B8F8199073B30041F5B1 /* email.png */; };
		6822B8FB199073DB0041F5B1 /* caution.png in Resources */ = {isa = PBXBuildFile; fileRef = 6822B8FA199073DB0041F5B1 /* caution.png */; };
		6822B8FD199074240041F5B1 /* info.png in Resources */ = {isa = PBXBuildFile; fileRef = 6822B8FC199074240041F5B1 /* info.png */; };
		B7E1B22D1E89BADD00E4816C /* MoreAppsViewController.m in Sources */ = {isa = PBXBuildFile; fileRef = B7E1B22C1E89BADD00E4816C /* MoreAppsViewController.m */; };
/* End PBXBuildFile section */

/* Begin PBXContainerItemProxy section */
		68123E3D19887D2500280DD6 /* PBXContainerItemProxy */ = {
			isa = PBXContainerItemProxy;
			containerPortal = 68123E0F19887D2400280DD6 /* Project object */;
			proxyType = 1;
			remoteGlobalIDString = 68123E1619887D2500280DD6;
			remoteInfo = PreOpEval2;
		};
/* End PBXContainerItemProxy section */

/* Begin PBXFileReference section */
		032179591A81256A00DB195A /* MoreDetailsPicVC.h */ = {isa = PBXFileReference; fileEncoding = 4; lastKnownFileType = sourcecode.c.h; path = MoreDetailsPicVC.h; sourceTree = "<group>"; };
		0321795A1A81256A00DB195A /* MoreDetailsPicVC.m */ = {isa = PBXFileReference; fileEncoding = 4; lastKnownFileType = sourcecode.c.objc; path = MoreDetailsPicVC.m; sourceTree = "<group>"; };
		032AA2331A99738600B6D6EE /* PinchPanRotateVC.h */ = {isa = PBXFileReference; fileEncoding = 4; lastKnownFileType = sourcecode.c.h; path = PinchPanRotateVC.h; sourceTree = "<group>"; };
		032AA2341A99738600B6D6EE /* PinchPanRotateVC.m */ = {isa = PBXFileReference; fileEncoding = 4; lastKnownFileType = sourcecode.c.objc; path = PinchPanRotateVC.m; sourceTree = "<group>"; };
		032AA23A1A99806300B6D6EE /* RotateConcentricsVC.h */ = {isa = PBXFileReference; fileEncoding = 4; lastKnownFileType = sourcecode.c.h; path = RotateConcentricsVC.h; sourceTree = "<group>"; };
		032AA23B1A99806300B6D6EE /* RotateConcentricsVC.m */ = {isa = PBXFileReference; fileEncoding = 4; lastKnownFileType = sourcecode.c.objc; path = RotateConcentricsVC.m; sourceTree = "<group>"; };
		03395C8119E44E28008E4052 /* key.png */ = {isa = PBXFileReference; lastKnownFileType = image.png; path = key.png; sourceTree = "<group>"; };
		03415A9F1AB4536000DB4FCE /* abg peach icon 120.png */ = {isa = PBXFileReference; lastKnownFileType = image.png; path = "abg peach icon 120.png"; sourceTree = "<group>"; };
		03415AA11AB50FAB00DB4FCE /* inner trial circular pic.png */ = {isa = PBXFileReference; lastKnownFileType = image.png; path = "inner trial circular pic.png"; sourceTree = "<group>"; };
		0367990A1A85B0ED008534F5 /* preop icon 120.png */ = {isa = PBXFileReference; lastKnownFileType = image.png; path = "preop icon 120.png"; sourceTree = "<group>"; };
		037E72521A6CA14200BA3261 /* star.png */ = {isa = PBXFileReference; lastKnownFileType = image.png; path = star.png; sourceTree = "<group>"; };
		037E72541A6CADFB00BA3261 /* MoreAppsView.h */ = {isa = PBXFileReference; fileEncoding = 4; lastKnownFileType = sourcecode.c.h; path = MoreAppsView.h; sourceTree = "<group>"; };
		037E72551A6CADFB00BA3261 /* MoreAppsView.m */ = {isa = PBXFileReference; fileEncoding = 4; lastKnownFileType = sourcecode.c.objc; path = MoreAppsView.m; sourceTree = "<group>"; };
		037E72571A6D1C2B00BA3261 /* abg icon 120.png */ = {isa = PBXFileReference; lastKnownFileType = image.png; path = "abg icon 120.png"; sourceTree = "<group>"; };
		037E72581A6D1C2B00BA3261 /* bishop icon 120.png */ = {isa = PBXFileReference; lastKnownFileType = image.png; path = "bishop icon 120.png"; sourceTree = "<group>"; };
		037E72591A6D1C2B00BA3261 /* efm icon 120.png */ = {isa = PBXFileReference; lastKnownFileType = image.png; path = "efm icon 120.png"; sourceTree = "<group>"; };
		037E725A1A6D1C2B00BA3261 /* gbs icon 120.png */ = {isa = PBXFileReference; lastKnownFileType = image.png; path = "gbs icon 120.png"; sourceTree = "<group>"; };
		037E725B1A6D1C2B00BA3261 /* lead icon 120.png */ = {isa = PBXFileReference; lastKnownFileType = image.png; path = "lead icon 120.png"; sourceTree = "<group>"; };
		037E725C1A6D1C2B00BA3261 /* pap icon 120.png */ = {isa = PBXFileReference; lastKnownFileType = image.png; path = "pap icon 120.png"; sourceTree = "<group>"; };
		037E725D1A6D1C2B00BA3261 /* pft icon 120.png */ = {isa = PBXFileReference; lastKnownFileType = image.png; path = "pft icon 120.png"; sourceTree = "<group>"; };
		037E725E1A6D1C2B00BA3261 /* pneumo icon 120.png */ = {isa = PBXFileReference; lastKnownFileType = image.png; path = "pneumo icon 120.png"; sourceTree = "<group>"; };
		037E725F1A6D1C2B00BA3261 /* rabies icon 120.png */ = {isa = PBXFileReference; lastKnownFileType = image.png; path = "rabies icon 120.png"; sourceTree = "<group>"; };
		037E72601A6D1C2B00BA3261 /* vte icon 120.png */ = {isa = PBXFileReference; lastKnownFileType = image.png; path = "vte icon 120.png"; sourceTree = "<group>"; };
		037E72611A6D1C2B00BA3261 /* warfarin icon 120.png */ = {isa = PBXFileReference; lastKnownFileType = image.png; path = "warfarin icon 120.png"; sourceTree = "<group>"; };
		0389A42C1AB19FF0003DCACA /* outer orange cropped.png */ = {isa = PBXFileReference; lastKnownFileType = image.png; path = "outer orange cropped.png"; sourceTree = "<group>"; };
		0389A42E1AB1A004003DCACA /* inner1.png */ = {isa = PBXFileReference; lastKnownFileType = image.png; path = inner1.png; sourceTree = "<group>"; };
		03C22B3D1AA4091900BAD977 /* EDDCalculatorsVC.h */ = {isa = PBXFileReference; fileEncoding = 4; lastKnownFileType = sourcecode.c.h; path = EDDCalculatorsVC.h; sourceTree = "<group>"; };
		03C22B3E1AA4091900BAD977 /* EDDCalculatorsVC.m */ = {isa = PBXFileReference; fileEncoding = 4; lastKnownFileType = sourcecode.c.objc; path = EDDCalculatorsVC.m; sourceTree = "<group>"; };
		03D589051AA6175B0013B3FA /* how-to reposition.jpg */ = {isa = PBXFileReference; lastKnownFileType = image.jpeg; path = "how-to reposition.jpg"; sourceTree = "<group>"; };
		03D589061AA6175B0013B3FA /* how-to resize.jpg */ = {isa = PBXFileReference; lastKnownFileType = image.jpeg; path = "how-to resize.jpg"; sourceTree = "<group>"; };
		03D589071AA6175B0013B3FA /* how-to rotate.jpg */ = {isa = PBXFileReference; lastKnownFileType = image.jpeg; path = "how-to rotate.jpg"; sourceTree = "<group>"; };
		03D5890B1AA6177F0013B3FA /* HowToVC.h */ = {isa = PBXFileReference; fileEncoding = 4; lastKnownFileType = sourcecode.c.h; path = HowToVC.h; sourceTree = "<group>"; };
		03D5890C1AA6177F0013B3FA /* HowToVC.m */ = {isa = PBXFileReference; fileEncoding = 4; lastKnownFileType = sourcecode.c.objc; path = HowToVC.m; sourceTree = "<group>"; };
		03FD3CE0199ADE1A00C52AD0 /* start.png */ = {isa = PBXFileReference; lastKnownFileType = image.png; path = start.png; sourceTree = "<group>"; };
		03FD3CE4199B01EA00C52AD0 /* bulb.png */ = {isa = PBXFileReference; lastKnownFileType = image.png; path = bulb.png; sourceTree = "<group>"; };
		68123E1719887D2500280DD6 /* OB Wheels.app */ = {isa = PBXFileReference; explicitFileType = wrapper.application; includeInIndex = 0; path = "OB Wheels.app"; sourceTree = BUILT_PRODUCTS_DIR; };
		68123E1A19887D2500280DD6 /* Foundation.framework */ = {isa = PBXFileReference; lastKnownFileType = wrapper.framework; name = Foundation.framework; path = System/Library/Frameworks/Foundation.framework; sourceTree = SDKROOT; };
		68123E1C19887D2500280DD6 /* CoreGraphics.framework */ = {isa = PBXFileReference; lastKnownFileType = wrapper.framework; name = CoreGraphics.framework; path = System/Library/Frameworks/CoreGraphics.framework; sourceTree = SDKROOT; };
		68123E1E19887D2500280DD6 /* UIKit.framework */ = {isa = PBXFileReference; lastKnownFileType = wrapper.framework; name = UIKit.framework; path = System/Library/Frameworks/UIKit.framework; sourceTree = SDKROOT; };
		68123E2219887D2500280DD6 /* OB Wheels-Info.plist */ = {isa = PBXFileReference; lastKnownFileType = text.plist.xml; path = "OB Wheels-Info.plist"; sourceTree = "<group>"; };
		68123E2419887D2500280DD6 /* en */ = {isa = PBXFileReference; lastKnownFileType = text.plist.strings; name = en; path = en.lproj/InfoPlist.strings; sourceTree = "<group>"; };
		68123E2619887D2500280DD6 /* main.m */ = {isa = PBXFileReference; lastKnownFileType = sourcecode.c.objc; path = main.m; sourceTree = "<group>"; };
		68123E2819887D2500280DD6 /* OB Wheels-Prefix.pch */ = {isa = PBXFileReference; lastKnownFileType = sourcecode.c.h; path = "OB Wheels-Prefix.pch"; sourceTree = "<group>"; };
		68123E2919887D2500280DD6 /* AppDelegate.h */ = {isa = PBXFileReference; lastKnownFileType = sourcecode.c.h; path = AppDelegate.h; sourceTree = "<group>"; };
		68123E2A19887D2500280DD6 /* AppDelegate.m */ = {isa = PBXFileReference; lastKnownFileType = sourcecode.c.objc; path = AppDelegate.m; sourceTree = "<group>"; };
		68123E2D19887D2500280DD6 /* Base */ = {isa = PBXFileReference; lastKnownFileType = file.storyboard; name = Base; path = Base.lproj/Main.storyboard; sourceTree = "<group>"; };
		68123E2F19887D2500280DD6 /* ViewController.h */ = {isa = PBXFileReference; lastKnownFileType = sourcecode.c.h; path = ViewController.h; sourceTree = "<group>"; };
		68123E3019887D2500280DD6 /* ViewController.m */ = {isa = PBXFileReference; lastKnownFileType = sourcecode.c.objc; path = ViewController.m; sourceTree = "<group>"; };
		68123E3219887D2500280DD6 /* Images.xcassets */ = {isa = PBXFileReference; lastKnownFileType = folder.assetcatalog; path = Images.xcassets; sourceTree = "<group>"; };
		68123E3819887D2500280DD6 /* OB WheelsTests.xctest */ = {isa = PBXFileReference; explicitFileType = wrapper.cfbundle; includeInIndex = 0; path = "OB WheelsTests.xctest"; sourceTree = BUILT_PRODUCTS_DIR; };
		68123E3919887D2500280DD6 /* XCTest.framework */ = {isa = PBXFileReference; lastKnownFileType = wrapper.framework; name = XCTest.framework; path = Library/Frameworks/XCTest.framework; sourceTree = DEVELOPER_DIR; };
		68123E4119887D2500280DD6 /* OB WheelsTests-Info.plist */ = {isa = PBXFileReference; lastKnownFileType = text.plist.xml; path = "OB WheelsTests-Info.plist"; sourceTree = "<group>"; };
		68123E4319887D2500280DD6 /* en */ = {isa = PBXFileReference; lastKnownFileType = text.plist.strings; name = en; path = en.lproj/InfoPlist.strings; sourceTree = "<group>"; };
		68123E4519887D2500280DD6 /* PreOpEval2Tests.m */ = {isa = PBXFileReference; lastKnownFileType = sourcecode.c.objc; path = PreOpEval2Tests.m; sourceTree = "<group>"; };
		6822B8F41990735B0041F5B1 /* house.png */ = {isa = PBXFileReference; lastKnownFileType = image.png; path = house.png; sourceTree = "<group>"; };
		6822B8F61990739D0041F5B1 /* file.png */ = {isa = PBXFileReference; lastKnownFileType = image.png; path = file.png; sourceTree = "<group>"; };
		6822B8F8199073B30041F5B1 /* email.png */ = {isa = PBXFileReference; lastKnownFileType = image.png; path = email.png; sourceTree = "<group>"; };
		6822B8FA199073DB0041F5B1 /* caution.png */ = {isa = PBXFileReference; lastKnownFileType = image.png; path = caution.png; sourceTree = "<group>"; };
		6822B8FC199074240041F5B1 /* info.png */ = {isa = PBXFileReference; lastKnownFileType = image.png; path = info.png; sourceTree = "<group>"; };
		B7E1B22B1E89BAC800E4816C /* MoreAppsViewController.h */ = {isa = PBXFileReference; lastKnownFileType = sourcecode.c.h; path = MoreAppsViewController.h; sourceTree = "<group>"; };
		B7E1B22C1E89BADD00E4816C /* MoreAppsViewController.m */ = {isa = PBXFileReference; fileEncoding = 4; lastKnownFileType = sourcecode.c.objc; path = MoreAppsViewController.m; sourceTree = "<group>"; };
/* End PBXFileReference section */

/* Begin PBXFrameworksBuildPhase section */
		68123E1419887D2500280DD6 /* Frameworks */ = {
			isa = PBXFrameworksBuildPhase;
			buildActionMask = 2147483647;
			files = (
				68123E1D19887D2500280DD6 /* CoreGraphics.framework in Frameworks */,
				68123E1F19887D2500280DD6 /* UIKit.framework in Frameworks */,
				68123E1B19887D2500280DD6 /* Foundation.framework in Frameworks */,
			);
			runOnlyForDeploymentPostprocessing = 0;
		};
		68123E3519887D2500280DD6 /* Frameworks */ = {
			isa = PBXFrameworksBuildPhase;
			buildActionMask = 2147483647;
			files = (
				68123E3A19887D2500280DD6 /* XCTest.framework in Frameworks */,
				68123E3C19887D2500280DD6 /* UIKit.framework in Frameworks */,
				68123E3B19887D2500280DD6 /* Foundation.framework in Frameworks */,
			);
			runOnlyForDeploymentPostprocessing = 0;
		};
/* End PBXFrameworksBuildPhase section */

/* Begin PBXGroup section */
		68123E0E19887D2400280DD6 = {
			isa = PBXGroup;
			children = (
				68123E2019887D2500280DD6 /* OBWheels */,
				68123E3F19887D2500280DD6 /* OBWheelsTests */,
				68123E1919887D2500280DD6 /* Frameworks */,
				68123E1819887D2500280DD6 /* Products */,
			);
			sourceTree = "<group>";
		};
		68123E1819887D2500280DD6 /* Products */ = {
			isa = PBXGroup;
			children = (
				68123E1719887D2500280DD6 /* OB Wheels.app */,
				68123E3819887D2500280DD6 /* OB WheelsTests.xctest */,
			);
			name = Products;
			sourceTree = "<group>";
		};
		68123E1919887D2500280DD6 /* Frameworks */ = {
			isa = PBXGroup;
			children = (
				68123E1A19887D2500280DD6 /* Foundation.framework */,
				68123E1C19887D2500280DD6 /* CoreGraphics.framework */,
				68123E1E19887D2500280DD6 /* UIKit.framework */,
				68123E3919887D2500280DD6 /* XCTest.framework */,
			);
			name = Frameworks;
			sourceTree = "<group>";
		};
		68123E2019887D2500280DD6 /* OBWheels */ = {
			isa = PBXGroup;
			children = (
				68123E2919887D2500280DD6 /* AppDelegate.h */,
				68123E2A19887D2500280DD6 /* AppDelegate.m */,
				68123E2C19887D2500280DD6 /* Main.storyboard */,
				68123E2F19887D2500280DD6 /* ViewController.h */,
				68123E3019887D2500280DD6 /* ViewController.m */,
				037E72541A6CADFB00BA3261 /* MoreAppsView.h */,
				B7E1B22B1E89BAC800E4816C /* MoreAppsViewController.h */,
				B7E1B22C1E89BADD00E4816C /* MoreAppsViewController.m */,
				037E72551A6CADFB00BA3261 /* MoreAppsView.m */,
				032179591A81256A00DB195A /* MoreDetailsPicVC.h */,
				0321795A1A81256A00DB195A /* MoreDetailsPicVC.m */,
				032AA2331A99738600B6D6EE /* PinchPanRotateVC.h */,
				032AA2341A99738600B6D6EE /* PinchPanRotateVC.m */,
				03C22B3D1AA4091900BAD977 /* EDDCalculatorsVC.h */,
				03C22B3E1AA4091900BAD977 /* EDDCalculatorsVC.m */,
				032AA23A1A99806300B6D6EE /* RotateConcentricsVC.h */,
				032AA23B1A99806300B6D6EE /* RotateConcentricsVC.m */,
				03D5890B1AA6177F0013B3FA /* HowToVC.h */,
				03D5890C1AA6177F0013B3FA /* HowToVC.m */,
				68123E3219887D2500280DD6 /* Images.xcassets */,
				68123E2119887D2500280DD6 /* Supporting Files */,
			);
			name = OBWheels;
			path = PreOpEval2;
			sourceTree = "<group>";
		};
		68123E2119887D2500280DD6 /* Supporting Files */ = {
			isa = PBXGroup;
			children = (
				6822B8FC199074240041F5B1 /* info.png */,
				6822B8FA199073DB0041F5B1 /* caution.png */,
				0389A42C1AB19FF0003DCACA /* outer orange cropped.png */,
				03415AA11AB50FAB00DB4FCE /* inner trial circular pic.png */,
				0389A42E1AB1A004003DCACA /* inner1.png */,
				6822B8F8199073B30041F5B1 /* email.png */,
				03D589051AA6175B0013B3FA /* how-to reposition.jpg */,
				03D589061AA6175B0013B3FA /* how-to resize.jpg */,
				03D589071AA6175B0013B3FA /* how-to rotate.jpg */,
				0367990A1A85B0ED008534F5 /* preop icon 120.png */,
				03415A9F1AB4536000DB4FCE /* abg peach icon 120.png */,
				037E72571A6D1C2B00BA3261 /* abg icon 120.png */,
				037E72581A6D1C2B00BA3261 /* bishop icon 120.png */,
				037E72591A6D1C2B00BA3261 /* efm icon 120.png */,
				037E725A1A6D1C2B00BA3261 /* gbs icon 120.png */,
				037E725B1A6D1C2B00BA3261 /* lead icon 120.png */,
				037E725C1A6D1C2B00BA3261 /* pap icon 120.png */,
				037E725D1A6D1C2B00BA3261 /* pft icon 120.png */,
				037E725E1A6D1C2B00BA3261 /* pneumo icon 120.png */,
				037E725F1A6D1C2B00BA3261 /* rabies icon 120.png */,
				037E72601A6D1C2B00BA3261 /* vte icon 120.png */,
				037E72611A6D1C2B00BA3261 /* warfarin icon 120.png */,
				03FD3CE4199B01EA00C52AD0 /* bulb.png */,
				6822B8F61990739D0041F5B1 /* file.png */,
				037E72521A6CA14200BA3261 /* star.png */,
				03395C8119E44E28008E4052 /* key.png */,
				03FD3CE0199ADE1A00C52AD0 /* start.png */,
				6822B8F41990735B0041F5B1 /* house.png */,
				68123E2219887D2500280DD6 /* OB Wheels-Info.plist */,
				68123E2319887D2500280DD6 /* InfoPlist.strings */,
				68123E2619887D2500280DD6 /* main.m */,
				68123E2819887D2500280DD6 /* OB Wheels-Prefix.pch */,
			);
			name = "Supporting Files";
			sourceTree = "<group>";
		};
		68123E3F19887D2500280DD6 /* OBWheelsTests */ = {
			isa = PBXGroup;
			children = (
				68123E4519887D2500280DD6 /* PreOpEval2Tests.m */,
				68123E4019887D2500280DD6 /* Supporting Files */,
			);
			name = OBWheelsTests;
			path = PreOpEval2Tests;
			sourceTree = "<group>";
		};
		68123E4019887D2500280DD6 /* Supporting Files */ = {
			isa = PBXGroup;
			children = (
				68123E4119887D2500280DD6 /* OB WheelsTests-Info.plist */,
				68123E4219887D2500280DD6 /* InfoPlist.strings */,
			);
			name = "Supporting Files";
			sourceTree = "<group>";
		};
/* End PBXGroup section */

/* Begin PBXNativeTarget section */
		68123E1619887D2500280DD6 /* OB Wheels */ = {
			isa = PBXNativeTarget;
			buildConfigurationList = 68123E4919887D2500280DD6 /* Build configuration list for PBXNativeTarget "OB Wheels" */;
			buildPhases = (
				68123E1319887D2500280DD6 /* Sources */,
				68123E1419887D2500280DD6 /* Frameworks */,
				68123E1519887D2500280DD6 /* Resources */,
			);
			buildRules = (
			);
			dependencies = (
			);
			name = "OB Wheels";
			productName = PreOpEval2;
			productReference = 68123E1719887D2500280DD6 /* OB Wheels.app */;
			productType = "com.apple.product-type.application";
		};
		68123E3719887D2500280DD6 /* OB WheelsTests */ = {
			isa = PBXNativeTarget;
			buildConfigurationList = 68123E4C19887D2500280DD6 /* Build configuration list for PBXNativeTarget "OB WheelsTests" */;
			buildPhases = (
				68123E3419887D2500280DD6 /* Sources */,
				68123E3519887D2500280DD6 /* Frameworks */,
				68123E3619887D2500280DD6 /* Resources */,
			);
			buildRules = (
			);
			dependencies = (
				68123E3E19887D2500280DD6 /* PBXTargetDependency */,
			);
			name = "OB WheelsTests";
			productName = PreOpEval2Tests;
			productReference = 68123E3819887D2500280DD6 /* OB WheelsTests.xctest */;
			productType = "com.apple.product-type.bundle.unit-test";
		};
/* End PBXNativeTarget section */

/* Begin PBXProject section */
		68123E0F19887D2400280DD6 /* Project object */ = {
			isa = PBXProject;
			attributes = {
				LastUpgradeCheck = 0510;
				ORGANIZATIONNAME = kangh;
				TargetAttributes = {
					68123E1619887D2500280DD6 = {
						DevelopmentTeam = KU7B7RKFRG;
					};
					68123E3719887D2500280DD6 = {
						TestTargetID = 68123E1619887D2500280DD6;
					};
				};
			};
			buildConfigurationList = 68123E1219887D2400280DD6 /* Build configuration list for PBXProject "OB Wheels" */;
			compatibilityVersion = "Xcode 3.2";
			developmentRegion = English;
			hasScannedForEncodings = 0;
			knownRegions = (
				en,
				Base,
			);
			mainGroup = 68123E0E19887D2400280DD6;
			productRefGroup = 68123E1819887D2500280DD6 /* Products */;
			projectDirPath = "";
			projectRoot = "";
			targets = (
				68123E1619887D2500280DD6 /* OB Wheels */,
				68123E3719887D2500280DD6 /* OB WheelsTests */,
			);
		};
/* End PBXProject section */

/* Begin PBXResourcesBuildPhase section */
		68123E1519887D2500280DD6 /* Resources */ = {
			isa = PBXResourcesBuildPhase;
			buildActionMask = 2147483647;
			files = (
				03415AA01AB4536000DB4FCE /* abg peach icon 120.png in Resources */,
				6822B8FB199073DB0041F5B1 /* caution.png in Resources */,
				037E72651A6D1C2B00BA3261 /* gbs icon 120.png in Resources */,
				0389A42F1AB1A004003DCACA /* inner1.png in Resources */,
				03D589091AA6175B0013B3FA /* how-to resize.jpg in Resources */,
				03FD3CE1199ADE1A00C52AD0 /* start.png in Resources */,
				03395C8219E44E28008E4052 /* key.png in Resources */,
				6822B8F51990735B0041F5B1 /* house.png in Resources */,
				037E72681A6D1C2B00BA3261 /* pft icon 120.png in Resources */,
				0389A42D1AB19FF0003DCACA /* outer orange cropped.png in Resources */,
				03D5890A1AA6175B0013B3FA /* how-to rotate.jpg in Resources */,
				037E72691A6D1C2B00BA3261 /* pneumo icon 120.png in Resources */,
				6822B8F71990739D0041F5B1 /* file.png in Resources */,
				037E726A1A6D1C2B00BA3261 /* rabies icon 120.png in Resources */,
				037E726C1A6D1C2B00BA3261 /* warfarin icon 120.png in Resources */,
				0367990B1A85B0ED008534F5 /* preop icon 120.png in Resources */,
				6822B8F9199073B30041F5B1 /* email.png in Resources */,
				03D589081AA6175B0013B3FA /* how-to reposition.jpg in Resources */,
				037E72631A6D1C2B00BA3261 /* bishop icon 120.png in Resources */,
				68123E3319887D2500280DD6 /* Images.xcassets in Resources */,
				03FD3CE5199B01EA00C52AD0 /* bulb.png in Resources */,
				037E726B1A6D1C2B00BA3261 /* vte icon 120.png in Resources */,
				037E72621A6D1C2B00BA3261 /* abg icon 120.png in Resources */,
				037E72671A6D1C2B00BA3261 /* pap icon 120.png in Resources */,
				037E72641A6D1C2B00BA3261 /* efm icon 120.png in Resources */,
				037E72661A6D1C2B00BA3261 /* lead icon 120.png in Resources */,
				68123E2519887D2500280DD6 /* InfoPlist.strings in Resources */,
				03415AA21AB50FAB00DB4FCE /* inner trial circular pic.png in Resources */,
				037E72531A6CA14200BA3261 /* star.png in Resources */,
				68123E2E19887D2500280DD6 /* Main.storyboard in Resources */,
				6822B8FD199074240041F5B1 /* info.png in Resources */,
			);
			runOnlyForDeploymentPostprocessing = 0;
		};
		68123E3619887D2500280DD6 /* Resources */ = {
			isa = PBXResourcesBuildPhase;
			buildActionMask = 2147483647;
			files = (
				68123E4419887D2500280DD6 /* InfoPlist.strings in Resources */,
			);
			runOnlyForDeploymentPostprocessing = 0;
		};
/* End PBXResourcesBuildPhase section */

/* Begin PBXSourcesBuildPhase section */
		68123E1319887D2500280DD6 /* Sources */ = {
			isa = PBXSourcesBuildPhase;
			buildActionMask = 2147483647;
			files = (
				03C22B3F1AA4091900BAD977 /* EDDCalculatorsVC.m in Sources */,
				68123E3119887D2500280DD6 /* ViewController.m in Sources */,
				032AA2351A99738600B6D6EE /* PinchPanRotateVC.m in Sources */,
				037E72561A6CADFB00BA3261 /* MoreAppsView.m in Sources */,
				68123E2B19887D2500280DD6 /* AppDelegate.m in Sources */,
				032AA23C1A99806300B6D6EE /* RotateConcentricsVC.m in Sources */,
				68123E2719887D2500280DD6 /* main.m in Sources */,
				B7E1B22D1E89BADD00E4816C /* MoreAppsViewController.m in Sources */,
				0321795B1A81256A00DB195A /* MoreDetailsPicVC.m in Sources */,
				03D5890D1AA6177F0013B3FA /* HowToVC.m in Sources */,
			);
			runOnlyForDeploymentPostprocessing = 0;
		};
		68123E3419887D2500280DD6 /* Sources */ = {
			isa = PBXSourcesBuildPhase;
			buildActionMask = 2147483647;
			files = (
				68123E4619887D2500280DD6 /* PreOpEval2Tests.m in Sources */,
			);
			runOnlyForDeploymentPostprocessing = 0;
		};
/* End PBXSourcesBuildPhase section */

/* Begin PBXTargetDependency section */
		68123E3E19887D2500280DD6 /* PBXTargetDependency */ = {
			isa = PBXTargetDependency;
			target = 68123E1619887D2500280DD6 /* OB Wheels */;
			targetProxy = 68123E3D19887D2500280DD6 /* PBXContainerItemProxy */;
		};
/* End PBXTargetDependency section */

/* Begin PBXVariantGroup section */
		68123E2319887D2500280DD6 /* InfoPlist.strings */ = {
			isa = PBXVariantGroup;
			children = (
				68123E2419887D2500280DD6 /* en */,
			);
			name = InfoPlist.strings;
			sourceTree = "<group>";
		};
		68123E2C19887D2500280DD6 /* Main.storyboard */ = {
			isa = PBXVariantGroup;
			children = (
				68123E2D19887D2500280DD6 /* Base */,
			);
			name = Main.storyboard;
			sourceTree = "<group>";
		};
		68123E4219887D2500280DD6 /* InfoPlist.strings */ = {
			isa = PBXVariantGroup;
			children = (
				68123E4319887D2500280DD6 /* en */,
			);
			name = InfoPlist.strings;
			sourceTree = "<group>";
		};
/* End PBXVariantGroup section */

/* Begin XCBuildConfiguration section */
		68123E4719887D2500280DD6 /* Debug */ = {
			isa = XCBuildConfiguration;
			buildSettings = {
				ALWAYS_SEARCH_USER_PATHS = NO;
				CLANG_CXX_LANGUAGE_STANDARD = "gnu++0x";
				CLANG_CXX_LIBRARY = "libc++";
				CLANG_ENABLE_MODULES = YES;
				CLANG_ENABLE_OBJC_ARC = YES;
				CLANG_WARN_BOOL_CONVERSION = YES;
				CLANG_WARN_CONSTANT_CONVERSION = YES;
				CLANG_WARN_DIRECT_OBJC_ISA_USAGE = YES_ERROR;
				CLANG_WARN_EMPTY_BODY = YES;
				CLANG_WARN_ENUM_CONVERSION = YES;
				CLANG_WARN_INT_CONVERSION = YES;
				CLANG_WARN_OBJC_ROOT_CLASS = YES_ERROR;
				CLANG_WARN__DUPLICATE_METHOD_MATCH = YES;
				"CODE_SIGN_IDENTITY[sdk=iphoneos*]" = "iPhone Developer";
				COPY_PHASE_STRIP = NO;
				GCC_C_LANGUAGE_STANDARD = gnu99;
				GCC_DYNAMIC_NO_PIC = NO;
				GCC_OPTIMIZATION_LEVEL = 0;
				GCC_PREPROCESSOR_DEFINITIONS = (
					"DEBUG=1",
					"$(inherited)",
				);
				GCC_SYMBOLS_PRIVATE_EXTERN = NO;
				GCC_WARN_64_TO_32_BIT_CONVERSION = YES;
				GCC_WARN_ABOUT_RETURN_TYPE = YES_ERROR;
				GCC_WARN_UNDECLARED_SELECTOR = YES;
				GCC_WARN_UNINITIALIZED_AUTOS = YES_AGGRESSIVE;
				GCC_WARN_UNUSED_FUNCTION = YES;
				GCC_WARN_UNUSED_VARIABLE = YES;
				IPHONEOS_DEPLOYMENT_TARGET = 7.1;
				ONLY_ACTIVE_ARCH = YES;
				SDKROOT = iphoneos;
			};
			name = Debug;
		};
		68123E4819887D2500280DD6 /* Release */ = {
			isa = XCBuildConfiguration;
			buildSettings = {
				ALWAYS_SEARCH_USER_PATHS = NO;
				CLANG_CXX_LANGUAGE_STANDARD = "gnu++0x";
				CLANG_CXX_LIBRARY = "libc++";
				CLANG_ENABLE_MODULES = YES;
				CLANG_ENABLE_OBJC_ARC = YES;
				CLANG_WARN_BOOL_CONVERSION = YES;
				CLANG_WARN_CONSTANT_CONVERSION = YES;
				CLANG_WARN_DIRECT_OBJC_ISA_USAGE = YES_ERROR;
				CLANG_WARN_EMPTY_BODY = YES;
				CLANG_WARN_ENUM_CONVERSION = YES;
				CLANG_WARN_INT_CONVERSION = YES;
				CLANG_WARN_OBJC_ROOT_CLASS = YES_ERROR;
				CLANG_WARN__DUPLICATE_METHOD_MATCH = YES;
				"CODE_SIGN_IDENTITY[sdk=iphoneos*]" = "iPhone Developer";
				COPY_PHASE_STRIP = YES;
				ENABLE_NS_ASSERTIONS = NO;
				GCC_C_LANGUAGE_STANDARD = gnu99;
				GCC_WARN_64_TO_32_BIT_CONVERSION = YES;
				GCC_WARN_ABOUT_RETURN_TYPE = YES_ERROR;
				GCC_WARN_UNDECLARED_SELECTOR = YES;
				GCC_WARN_UNINITIALIZED_AUTOS = YES_AGGRESSIVE;
				GCC_WARN_UNUSED_FUNCTION = YES;
				GCC_WARN_UNUSED_VARIABLE = YES;
				IPHONEOS_DEPLOYMENT_TARGET = 7.1;
				SDKROOT = iphoneos;
				VALIDATE_PRODUCT = YES;
			};
			name = Release;
		};
		68123E4A19887D2500280DD6 /* Debug */ = {
			isa = XCBuildConfiguration;
			buildSettings = {
				ASSETCATALOG_COMPILER_APPICON_NAME = AppIcon;
				ASSETCATALOG_COMPILER_LAUNCHIMAGE_NAME = LaunchImage;
				CODE_SIGN_IDENTITY = "iPhone Developer";
				"CODE_SIGN_IDENTITY[sdk=iphoneos*]" = "iPhone Developer";
				GCC_PRECOMPILE_PREFIX_HEADER = YES;
				GCC_PREFIX_HEADER = "PreOpEval2/OB Wheels-Prefix.pch";
				INFOPLIST_FILE = "PreOpEval2/OB Wheels-Info.plist";
				IPHONEOS_DEPLOYMENT_TARGET = 7.0;
				PRODUCT_NAME = "OB Wheels";
				PROVISIONING_PROFILE = "";
				WRAPPER_EXTENSION = app;
			};
			name = Debug;
		};
		68123E4B19887D2500280DD6 /* Release */ = {
			isa = XCBuildConfiguration;
			buildSettings = {
				ASSETCATALOG_COMPILER_APPICON_NAME = AppIcon;
				ASSETCATALOG_COMPILER_LAUNCHIMAGE_NAME = LaunchImage;
				CODE_SIGN_IDENTITY = "iPhone Developer";
				"CODE_SIGN_IDENTITY[sdk=iphoneos*]" = "iPhone Developer";
				GCC_PRECOMPILE_PREFIX_HEADER = YES;
				GCC_PREFIX_HEADER = "PreOpEval2/OB Wheels-Prefix.pch";
				INFOPLIST_FILE = "PreOpEval2/OB Wheels-Info.plist";
				IPHONEOS_DEPLOYMENT_TARGET = 7.0;
				PRODUCT_NAME = "OB Wheels";
				PROVISIONING_PROFILE = "";
				WRAPPER_EXTENSION = app;
			};
			name = Release;
		};
		68123E4D19887D2500280DD6 /* Debug */ = {
			isa = XCBuildConfiguration;
			buildSettings = {
				BUNDLE_LOADER = "$(BUILT_PRODUCTS_DIR)/PreOpEval2.app/PreOpEval2";
				FRAMEWORK_SEARCH_PATHS = (
					"$(SDKROOT)/Developer/Library/Frameworks",
					"$(inherited)",
					"$(DEVELOPER_FRAMEWORKS_DIR)",
				);
				GCC_PRECOMPILE_PREFIX_HEADER = YES;
				GCC_PREFIX_HEADER = "PreOpEval2/PreOpEval2-Prefix.pch";
				GCC_PREPROCESSOR_DEFINITIONS = (
					"DEBUG=1",
					"$(inherited)",
				);
				INFOPLIST_FILE = "PreOpEval2Tests/OB WheelsTests-Info.plist";
				PRODUCT_NAME = "OB WheelsTests";
				TEST_HOST = "$(BUNDLE_LOADER)";
				WRAPPER_EXTENSION = xctest;
			};
			name = Debug;
		};
		68123E4E19887D2500280DD6 /* Release */ = {
			isa = XCBuildConfiguration;
			buildSettings = {
				BUNDLE_LOADER = "$(BUILT_PRODUCTS_DIR)/PreOpEval2.app/PreOpEval2";
				FRAMEWORK_SEARCH_PATHS = (
					"$(SDKROOT)/Developer/Library/Frameworks",
					"$(inherited)",
					"$(DEVELOPER_FRAMEWORKS_DIR)",
				);
				GCC_PRECOMPILE_PREFIX_HEADER = YES;
				GCC_PREFIX_HEADER = "PreOpEval2/PreOpEval2-Prefix.pch";
				INFOPLIST_FILE = "PreOpEval2Tests/OB WheelsTests-Info.plist";
				PRODUCT_NAME = "OB WheelsTests";
				TEST_HOST = "$(BUNDLE_LOADER)";
				WRAPPER_EXTENSION = xctest;
			};
			name = Release;
		};
/* End XCBuildConfiguration section */

/* Begin XCConfigurationList section */
		68123E1219887D2400280DD6 /* Build configuration list for PBXProject "OB Wheels" */ = {
			isa = XCConfigurationList;
			buildConfigurations = (
				68123E4719887D2500280DD6 /* Debug */,
				68123E4819887D2500280DD6 /* Release */,
			);
			defaultConfigurationIsVisible = 0;
			defaultConfigurationName = Release;
		};
		68123E4919887D2500280DD6 /* Build configuration list for PBXNativeTarget "OB Wheels" */ = {
			isa = XCConfigurationList;
			buildConfigurations = (
				68123E4A19887D2500280DD6 /* Debug */,
				68123E4B19887D2500280DD6 /* Release */,
			);
			defaultConfigurationIsVisible = 0;
			defaultConfigurationName = Release;
		};
		68123E4C19887D2500280DD6 /* Build configuration list for PBXNativeTarget "OB WheelsTests" */ = {
			isa = XCConfigurationList;
			buildConfigurations = (
				68123E4D19887D2500280DD6 /* Debug */,
				68123E4E19887D2500280DD6 /* Release */,
			);
			defaultConfigurationIsVisible = 0;
			defaultConfigurationName = Release;
		};
/* End XCConfigurationList section */
	};
	rootObject = 68123E0F19887D2400280DD6 /* Project object */;
}
